
Microsoft Visual Studio Solution File, Format Version 12.00
# Visual Studio Version 17
VisualStudioVersion = 17.7.34009.444
MinimumVisualStudioVersion = 10.0.40219.1
Project("{FAE04EC0-301F-11D3-BF4B-00C04F79EFBC}") = "D&D Class Selector", "D&D Class Selector.csproj", "{D4C862CA-5C01-4225-8F1E-AEA8306DC0BB}"
EndProject
Global
	GlobalSection(SolutionConfigurationPlatforms) = preSolution
		Debug|Any CPU = Debug|Any CPU
		Release|Any CPU = Release|Any CPU
	EndGlobalSection
	GlobalSection(ProjectConfigurationPlatforms) = postSolution
		{D4C862CA-5C01-4225-8F1E-AEA8306DC0BB}.Debug|Any CPU.ActiveCfg = Debug|Any CPU
		{D4C862CA-5C01-4225-8F1E-AEA8306DC0BB}.Debug|Any CPU.Build.0 = Debug|Any CPU
		{D4C862CA-5C01-4225-8F1E-AEA8306DC0BB}.Release|Any CPU.ActiveCfg = Release|Any CPU
		{D4C862CA-5C01-4225-8F1E-AEA8306DC0BB}.Release|Any CPU.Build.0 = Release|Any CPU
	EndGlobalSection
	GlobalSection(SolutionProperties) = preSolution
		HideSolutionNode = FALSE
	EndGlobalSection
	GlobalSection(ExtensibilityGlobals) = postSolution
		SolutionGuid = {B4CE0FF8-40B4-4060-91C2-FA04C05C85FA}
	EndGlobalSection
EndGlobal
